PODS:
  - DeviceHelper (0.1.0)
  - FBSnapshotTestCase (2.1.4):
    - FBSnapshotTestCase/SwiftSupport (= 2.1.4)
  - FBSnapshotTestCase/Core (2.1.4)
  - FBSnapshotTestCase/SwiftSupport (2.1.4):
    - FBSnapshotTestCase/Core

DEPENDENCIES:
  - DeviceHelper (from `../`)
  - FBSnapshotTestCase

SPEC REPOS:
  trunk:
    - FBSnapshotTestCase

EXTERNAL SOURCES:
  DeviceHelper:
    :path: "../"

SPEC CHECKSUMS:
  DeviceHelper: 1645910b871fb0f8e123e093d1ed68bcefed43a6
  FBSnapshotTestCase: 094f9f314decbabe373b87cc339bea235a63e07a

PODFILE CHECKSUM: f121b9c0ac76dad09d7692301a0d909dc4855665

COCOAPODS: 1.10.1
